
Microsoft Visual Studio Solution File, Format Version 12.00
# Visual Studio Version 17
VisualStudioVersion = 17.14.36327.8 d17.14
MinimumVisualStudioVersion = 10.0.40219.1
Project("{FAE04EC0-301F-11D3-BF4B-00C04F79EFBC}") = "video-uploader-api", "video-uploader-api\video-uploader-api.csproj", "{3D50F74C-3143-4F1B-A969-68F926C5D13B}"
EndProject
Global
	GlobalSection(SolutionConfigurationPlatforms) = preSolution
		Debug|Any CPU = Debug|Any CPU
		Release|Any CPU = Release|Any CPU
	EndGlobalSection
	GlobalSection(ProjectConfigurationPlatforms) = postSolution
		{3D50F74C-3143-4F1B-A969-68F926C5D13B}.Debug|Any CPU.ActiveCfg = Debug|Any CPU
		{3D50F74C-3143-4F1B-A969-68F926C5D13B}.Debug|Any CPU.Build.0 = Debug|Any CPU
		{3D50F74C-3143-4F1B-A969-68F926C5D13B}.Release|Any CPU.ActiveCfg = Release|Any CPU
		{3D50F74C-3143-4F1B-A969-68F926C5D13B}.Release|Any CPU.Build.0 = Release|Any CPU
	EndGlobalSection
	GlobalSection(SolutionProperties) = preSolution
		HideSolutionNode = FALSE
	EndGlobalSection
	GlobalSection(ExtensibilityGlobals) = postSolution
		SolutionGuid = {25AD3BAA-20F4-4BC9-A1FF-60465B7B876C}
	EndGlobalSection
EndGlobal
