
Microsoft Visual Studio Solution File, Format Version 12.00
# Visual Studio Version 17
VisualStudioVersion = 17.14.36327.8 d17.14
MinimumVisualStudioVersion = 10.0.40219.1
Project("{FAE04EC0-301F-11D3-BF4B-00C04F79EFBC}") = "API", "API.csproj", "{83D61A1B-65CB-44C8-AF29-FD9242D72381}"
EndProject
Global
	GlobalSection(SolutionConfigurationPlatforms) = preSolution
		Debug|Any CPU = Debug|Any CPU
		Release|Any CPU = Release|Any CPU
	EndGlobalSection
	GlobalSection(ProjectConfigurationPlatforms) = postSolution
		{83D61A1B-65CB-44C8-AF29-FD9242D72381}.Debug|Any CPU.ActiveCfg = Debug|Any CPU
		{83D61A1B-65CB-44C8-AF29-FD9242D72381}.Debug|Any CPU.Build.0 = Debug|Any CPU
		{83D61A1B-65CB-44C8-AF29-FD9242D72381}.Release|Any CPU.ActiveCfg = Release|Any CPU
		{83D61A1B-65CB-44C8-AF29-FD9242D72381}.Release|Any CPU.Build.0 = Release|Any CPU
	EndGlobalSection
	GlobalSection(SolutionProperties) = preSolution
		HideSolutionNode = FALSE
	EndGlobalSection
	GlobalSection(ExtensibilityGlobals) = postSolution
		SolutionGuid = {3AF26748-59C2-4F8C-ABC2-64E7A06742E7}
	EndGlobalSection
EndGlobal
